<?xml version="1.0" encoding="utf-8"?>
<Project ToolsVersion="4.0" xmlns="http://schemas.microsoft.com/developer/msbuild/2003">
  <ItemGroup>
    <Filter Include="ソース ファイル">
      <UniqueIdentifier>{4FC737F1-C7A5-4376-A066-2A32D752A2FF}</UniqueIdentifier>
      <Extensions>cpp;c;cc;cxx;c++;cppm;ixx;def;odl;idl;hpj;bat;asm;asmx</Extensions>
    </Filter>
    <Filter Include="ヘッダー ファイル">
      <UniqueIdentifier>{93995380-89BD-4b04-88EB-625FBE52EBFB}</UniqueIdentifier>
      <Extensions>h;hh;hpp;hxx;h++;hm;inl;inc;ipp;xsd</Extensions>
    </Filter>
    <Filter Include="リソース ファイル">
      <UniqueIdentifier>{67DA6AB6-F800-4c08-8B7A-83BB121AAD01}</UniqueIdentifier>
      <Extensions>rc;ico;cur;bmp;dlg;rc2;rct;bin;rgs;gif;jpg;jpeg;jpe;resx;tiff;tif;png;wav;mfcribbon-ms</Extensions>
    </Filter>
    <Filter Include="DirectX">
      <UniqueIdentifier>{ac715943-915e-4e06-b2a7-2d0007b822e9}</UniqueIdentifier>
    </Filter>
    <Filter Include="DirectX\BlendMode">
      <UniqueIdentifier>{5b932dba-25b3-44fa-b520-44d23baacdf8}</UniqueIdentifier>
    </Filter>
    <Filter Include="Win32Application">
      <UniqueIdentifier>{5c7e8f14-1bd4-48f2-80b9-2ad2124c12e5}</UniqueIdentifier>
    </Filter>
    <Filter Include="DirectX\Common">
      <UniqueIdentifier>{9d45caf0-12bd-4b07-8640-26c638ce0ae7}</UniqueIdentifier>
    </Filter>
    <Filter Include="DirectX\PipelineState">
      <UniqueIdentifier>{dc0cdaae-faef-4cfa-846c-ad71ac93d2d1}</UniqueIdentifier>
    </Filter>
    <Filter Include="DirectX\RootSignature">
      <UniqueIdentifier>{3733786b-2f27-45f8-a15c-95a13cee6629}</UniqueIdentifier>
    </Filter>
    <Filter Include="DirectX\Base">
      <UniqueIdentifier>{9ad991a4-8c33-405f-9e02-a17777a109bd}</UniqueIdentifier>
    </Filter>
    <Filter Include="DirectX\RootParameters">
      <UniqueIdentifier>{d0ca0545-14ee-4419-80ca-fc131d33ab81}</UniqueIdentifier>
    </Filter>
    <Filter Include="DescriptorRange">
      <UniqueIdentifier>{1572e578-5cca-4055-ada6-291866a11f0c}</UniqueIdentifier>
    </Filter>
    <Filter Include="DirectX\StaticSamplers">
      <UniqueIdentifier>{157749c7-58b7-4a90-a8fd-141c10e3d03a}</UniqueIdentifier>
    </Filter>
    <Filter Include="DirectX\InputLayout">
      <UniqueIdentifier>{1a60ef8f-6baf-4077-96e8-013876dc02b3}</UniqueIdentifier>
    </Filter>
    <Filter Include="DirectX\ShaderBin">
      <UniqueIdentifier>{186f5fa7-290c-4651-8c9a-81889bac6192}</UniqueIdentifier>
    </Filter>
    <Filter Include="DirectX\RasterizerState">
      <UniqueIdentifier>{b63e5338-56e9-4b17-830f-e9d3c7461e03}</UniqueIdentifier>
    </Filter>
    <Filter Include="DirectX\DepthStencil">
      <UniqueIdentifier>{47e3114f-9fbb-445f-866e-e4f4424942dc}</UniqueIdentifier>
    </Filter>
  </ItemGroup>
  <ItemGroup>
    <ClCompile Include="main.cpp">
      <Filter>ソース ファイル</Filter>
    </ClCompile>
    <ClCompile Include="Core\DirectX12\DirectXCommonHelper.cpp">
      <Filter>DirectX</Filter>
    </ClCompile>
    <ClCompile Include="Core\DirectX12\BlendMode.cpp">
      <Filter>DirectX\BlendMode</Filter>
    </ClCompile>
    <ClCompile Include="Utility\ConvertString.cpp">
      <Filter>ソース ファイル</Filter>
    </ClCompile>
    <ClCompile Include="Utility\Logger.cpp">
      <Filter>ソース ファイル</Filter>
    </ClCompile>
    <ClCompile Include="Core\Win32\Win32Application.cpp">
      <Filter>Win32Application</Filter>
    </ClCompile>
    <ClCompile Include="Core\DirectX12\DirectXCommon.cpp">
      <Filter>DirectX\Common</Filter>
    </ClCompile>
    <ClCompile Include="Core\DirectX12\PipelineState.cpp">
      <Filter>DirectX\PipelineState</Filter>
    </ClCompile>
    <ClCompile Include="Core\DirectX12\RootSignature.cpp">
      <Filter>DirectX\RootSignature</Filter>
    </ClCompile>
    <ClCompile Include="Core\DirectX12\RootParameters.cpp">
      <Filter>DirectX\RootParameters</Filter>
    </ClCompile>
    <ClCompile Include="Core\DirectX12\DescriptorRange.cpp">
      <Filter>DescriptorRange</Filter>
    </ClCompile>
    <ClCompile Include="Core\DirectX12\StaticSamplers.cpp">
      <Filter>DirectX\StaticSamplers</Filter>
    </ClCompile>
    <ClCompile Include="Core\DirectX12\InputLayout.cpp">
      <Filter>DirectX\InputLayout</Filter>
    </ClCompile>
    <ClCompile Include="Core\DirectX12\Dxc.cpp">
      <Filter>DirectX\ShaderBin</Filter>
    </ClCompile>
    <ClCompile Include="Core\DirectX12\RasterizerState.cpp">
      <Filter>DirectX\RasterizerState</Filter>
    </ClCompile>
    <ClCompile Include="Core\DirectX12\DepthStencil.cpp">
      <Filter>DirectX\DepthStencil</Filter>
    </ClCompile>
  </ItemGroup>
  <ItemGroup>
    <ClInclude Include="structs.h">
      <Filter>ヘッダー ファイル</Filter>
    </ClInclude>
    <ClInclude Include="Core\DirectX12\DirectXCommonHelper.h">
      <Filter>DirectX</Filter>
    </ClInclude>
    <ClInclude Include="Core\DirectX12\BlendMode.h">
      <Filter>DirectX\BlendMode</Filter>
    </ClInclude>
    <ClInclude Include="Core\DirectX12\BaseConfigurator.h">
      <Filter>DirectX\Base</Filter>
    </ClInclude>
    <ClInclude Include="Utility\ConvertString.h">
      <Filter>ヘッダー ファイル</Filter>
    </ClInclude>
    <ClInclude Include="Utility\Logger.h">
      <Filter>ヘッダー ファイル</Filter>
    </ClInclude>
    <ClInclude Include="Core\Win32\Win32Application.h">
      <Filter>Win32Application</Filter>
    </ClInclude>
    <ClInclude Include="Core\DirectX12\DirectXCommon.h">
      <Filter>DirectX\Common</Filter>
    </ClInclude>
    <ClInclude Include="Core\DirectX12\PipelineState.h">
      <Filter>DirectX\PipelineState</Filter>
    </ClInclude>
    <ClInclude Include="Core\DirectX12\RootSignature.h">
      <Filter>DirectX\RootSignature</Filter>
    </ClInclude>
    <ClInclude Include="Core\DirectX12\BaseConfiguratorForEnum.h">
      <Filter>DirectX\Base</Filter>
    </ClInclude>
    <ClInclude Include="Core\DirectX12\RootParameters.h">
      <Filter>DirectX\RootParameters</Filter>
    </ClInclude>
    <ClInclude Include="Core\DirectX12\DescriptorRange.h">
      <Filter>DescriptorRange</Filter>
    </ClInclude>
    <ClInclude Include="Core\DirectX12\StaticSamplers.h">
      <Filter>DirectX\StaticSamplers</Filter>
    </ClInclude>
    <ClInclude Include="Core\DirectX12\InputLayout.h">
      <Filter>DirectX\InputLayout</Filter>
    </ClInclude>
    <ClInclude Include="Core\DirectX12\Dxc.h">
      <Filter>DirectX\ShaderBin</Filter>
    </ClInclude>
    <ClInclude Include="Core\DirectX12\RasterizerState.h">
      <Filter>DirectX\RasterizerState</Filter>
    </ClInclude>
    <ClInclude Include="Core\DirectX12\DepthStencil.h">
      <Filter>DirectX\DepthStencil</Filter>
    </ClInclude>
    <ClInclude Include="BaseConfiguratorForComPtr.h">
      <Filter>DirectX\Base</Filter>
    </ClInclude>
  </ItemGroup>
  <ItemGroup>
    <None Include=".editorconfig" />
    <None Include="Resources\shaders\Object3d.hlsli" />
  </ItemGroup>
  <ItemGroup>
    <FxCompile Include="Resources\shaders\Object3d.PS.hlsl" />
    <FxCompile Include="Resources\shaders\Object3d.VS.hlsl" />
  </ItemGroup>
</Project>