<?xml version="1.0" encoding="utf-8"?>
<Project ToolsVersion="4.0" xmlns="http://schemas.microsoft.com/developer/msbuild/2003">
  <ItemGroup>
    <Filter Include="Externals">
      <UniqueIdentifier>{4a863a72-ff1f-460f-9840-3ea3ebb8c64f}</UniqueIdentifier>
    </Filter>
    <Filter Include="Externals\Timer">
      <UniqueIdentifier>{eadfca40-62e7-4a72-b41e-3818d23dafb1}</UniqueIdentifier>
    </Filter>
    <Filter Include="Feature">
      <UniqueIdentifier>{a77adb65-0ab2-4143-a805-264c3fa04373}</UniqueIdentifier>
    </Filter>
    <Filter Include="Feature\Input">
      <UniqueIdentifier>{8803f867-4d11-4cec-883f-32df44af6c30}</UniqueIdentifier>
    </Filter>
    <Filter Include="Feature\Sprite">
      <UniqueIdentifier>{0bf046c0-33e6-4cba-8c94-fdb514b3af33}</UniqueIdentifier>
    </Filter>
    <Filter Include="Feature\Object3d">
      <UniqueIdentifier>{e1b1b091-2477-475f-b508-9b6faaf83efc}</UniqueIdentifier>
    </Filter>
    <Filter Include="Feature\Model">
      <UniqueIdentifier>{cce5abac-cdc3-482f-9133-860593c9bb69}</UniqueIdentifier>
    </Filter>
    <Filter Include="Feature\Model\Helper">
      <UniqueIdentifier>{34f07039-7af5-434d-b971-4084ae536b3f}</UniqueIdentifier>
    </Filter>
    <Filter Include="DebugTools">
      <UniqueIdentifier>{2d966475-f2b4-417a-b53b-98a2e95ea8a0}</UniqueIdentifier>
    </Filter>
    <Filter Include="DebugTools\DebugManager">
      <UniqueIdentifier>{67c70dc1-3fc3-4b92-8745-04c264ebcfd5}</UniqueIdentifier>
    </Filter>
    <Filter Include="DebugTools\Templates">
      <UniqueIdentifier>{b53e2fc5-1d01-4842-8274-a707748c6d7d}</UniqueIdentifier>
    </Filter>
    <Filter Include="Common">
      <UniqueIdentifier>{ebae1fd8-cb01-44bc-adbe-7d51471725ab}</UniqueIdentifier>
    </Filter>
    <Filter Include="Utility">
      <UniqueIdentifier>{c81e2914-fa28-4869-9546-e5505a3be28b}</UniqueIdentifier>
    </Filter>
    <Filter Include="HLSL">
      <UniqueIdentifier>{0c17c647-2548-407e-b3bf-708a04226c6c}</UniqueIdentifier>
    </Filter>
    <Filter Include="DebugTools\ImGuiManager">
      <UniqueIdentifier>{e4815223-2288-4cdb-9168-0d4dca0b53d5}</UniqueIdentifier>
    </Filter>
    <Filter Include="DebugTools\Logger">
      <UniqueIdentifier>{420cec13-7fb2-48a2-a136-34ac694c006d}</UniqueIdentifier>
    </Filter>
    <Filter Include="Utility\ConvertString">
      <UniqueIdentifier>{84a0e531-6976-4248-92f6-ffbc56083342}</UniqueIdentifier>
    </Filter>
    <Filter Include="Core">
      <UniqueIdentifier>{34ff13cd-5f52-4198-a749-0d909c9ea792}</UniqueIdentifier>
    </Filter>
    <Filter Include="Core\DirectX12">
      <UniqueIdentifier>{55c061c3-927c-45ed-a4ab-5d06972fc5bb}</UniqueIdentifier>
    </Filter>
    <Filter Include="Core\DirectX12\BlendMode">
      <UniqueIdentifier>{fb9d6f31-4fb9-4701-bd6d-64c85dfa071b}</UniqueIdentifier>
    </Filter>
    <Filter Include="Core\DirectX12\FPS">
      <UniqueIdentifier>{88cff5bd-cd25-4ccd-9324-62389d1650c2}</UniqueIdentifier>
    </Filter>
    <Filter Include="Core\DirectX12\TextureManager">
      <UniqueIdentifier>{b645dc65-bf36-43cb-90e8-e823724f366b}</UniqueIdentifier>
    </Filter>
    <Filter Include="Core\DirectX12\Helper">
      <UniqueIdentifier>{f3a365ef-b3a8-406d-bad8-e97f350d9e50}</UniqueIdentifier>
    </Filter>
    <Filter Include="Feature\GameEye">
      <UniqueIdentifier>{ea832b38-aeb0-403c-932b-e147be7b883d}</UniqueIdentifier>
    </Filter>
    <Filter Include="Feature\Particle">
      <UniqueIdentifier>{8e2b2b59-3920-4ac0-a9d2-0d0039b75fdb}</UniqueIdentifier>
    </Filter>
    <Filter Include="Core\DirectX12\SRVManager">
      <UniqueIdentifier>{b8daf23f-873b-43df-af52-7b1171eeb29f}</UniqueIdentifier>
    </Filter>
    <Filter Include="Feature\IContainer">
      <UniqueIdentifier>{2a1d6553-6c96-46a4-96dd-9f2f112ef441}</UniqueIdentifier>
    </Filter>
    <Filter Include="Feature\Audio">
      <UniqueIdentifier>{664da578-2164-4745-a914-0d9323b4648b}</UniqueIdentifier>
    </Filter>
    <Filter Include="Common\HRESULT_ASSERT">
      <UniqueIdentifier>{d4fcf4a9-6708-44c3-924d-0a3d5f061199}</UniqueIdentifier>
    </Filter>
    <Filter Include="Framework">
      <UniqueIdentifier>{ac264289-b142-4670-8528-be08910cd5a6}</UniqueIdentifier>
    </Filter>
    <Filter Include="Interface">
      <UniqueIdentifier>{698a144f-8678-45a3-8e71-2fb257d08434}</UniqueIdentifier>
    </Filter>
    <Filter Include="Feature\Particle\Emitter">
      <UniqueIdentifier>{556acd2e-a30a-4489-86c4-bcf0c25fadd0}</UniqueIdentifier>
    </Filter>
    <Filter Include="Feature\Particle\Manager">
      <UniqueIdentifier>{82f7154a-fe86-4eeb-a603-29554c7a2cb2}</UniqueIdentifier>
    </Filter>
    <Filter Include="Feature\Particle\System">
      <UniqueIdentifier>{3dd920c7-60bf-4a2c-a888-4dac7750a26f}</UniqueIdentifier>
    </Filter>
    <Filter Include="Feature\SceneManager">
      <UniqueIdentifier>{58dab0a0-59c5-4cf9-95ba-19f2b051c76b}</UniqueIdentifier>
    </Filter>
    <Filter Include="Feature\RandomGenerator">
      <UniqueIdentifier>{261dc65f-18f6-4c56-b64d-5c907c9c5259}</UniqueIdentifier>
    </Filter>
    <Filter Include="Feature\Line">
      <UniqueIdentifier>{3574a4ba-6b04-4d65-b739-29ec50ddd79d}</UniqueIdentifier>
    </Filter>
    <Filter Include="Feature\Line\Manager">
      <UniqueIdentifier>{02fadf2c-6621-48b5-854c-a71dc4e4a9fc}</UniqueIdentifier>
    </Filter>
    <Filter Include="Feature\Line\System">
      <UniqueIdentifier>{46dc6625-2a9f-43d7-a23d-6a80c95fefe0}</UniqueIdentifier>
    </Filter>
    <Filter Include="Core\WinSystem">
      <UniqueIdentifier>{5c7e8f14-1bd4-48f2-80b9-2ad2124c12e5}</UniqueIdentifier>
    </Filter>
    <Filter Include="DebugTools\PrimitiveDrawer">
      <UniqueIdentifier>{676fa4eb-91d9-4e1f-af5e-23aa2575b1f6}</UniqueIdentifier>
    </Filter>
    <Filter Include="Feature\Lighting">
      <UniqueIdentifier>{2128e531-19f2-4691-bd96-69fd85443bf2}</UniqueIdentifier>
    </Filter>
    <Filter Include="Feature\Lighting\Manager">
      <UniqueIdentifier>{02cc3392-7700-4b10-98af-e1bf1d321ca5}</UniqueIdentifier>
    </Filter>
    <Filter Include="Feature\Lighting\PointLight">
      <UniqueIdentifier>{2888c7ee-df07-4405-84e7-fb8a68bde7cb}</UniqueIdentifier>
    </Filter>
    <Filter Include="Feature\Shape">
      <UniqueIdentifier>{37027ad3-d90a-4c1b-87a8-3a49b496e973}</UniqueIdentifier>
    </Filter>
    <Filter Include="Feature\Shape\AABB">
      <UniqueIdentifier>{f7dbd80f-e81d-4548-9ce0-f4c751fd5c3d}</UniqueIdentifier>
    </Filter>
    <Filter Include="Feature\Shape\OBB">
      <UniqueIdentifier>{4490bcaf-3130-4655-9eca-14949ee03dde}</UniqueIdentifier>
    </Filter>
    <Filter Include="Utility\FilePathSearcher">
      <UniqueIdentifier>{30e80ed6-8006-4ad8-b828-27e9a6a6cfc1}</UniqueIdentifier>
    </Filter>
    <Filter Include="Feature\SceneTransition">
      <UniqueIdentifier>{18b88b04-4484-4566-97ff-989e4dca9e4c}</UniqueIdentifier>
    </Filter>
    <Filter Include="Feature\SceneTransition\FadeInOut">
      <UniqueIdentifier>{e60ca308-66bf-4877-bedd-8da0a9c1c1dc}</UniqueIdentifier>
    </Filter>
    <Filter Include="Feature\SceneTransition\Manager">
      <UniqueIdentifier>{a8bd3d85-68b2-4d21-9e41-d119dee47a7a}</UniqueIdentifier>
    </Filter>
    <Filter Include="Feature\BaseObject">
      <UniqueIdentifier>{90205c8c-8565-42f7-a0bc-e073e726d0be}</UniqueIdentifier>
    </Filter>
    <Filter Include="Feature\Collision">
      <UniqueIdentifier>{8b3b583a-7857-484a-b311-3a30cccc93f5}</UniqueIdentifier>
    </Filter>
    <Filter Include="Feature\Collision\Manager">
      <UniqueIdentifier>{ba4a3ce3-2435-4b60-99fb-6a6cbefb12c8}</UniqueIdentifier>
    </Filter>
    <Filter Include="Feature\Collision\Collider">
      <UniqueIdentifier>{c8050890-2b06-4e5c-9f4a-c63151aecca4}</UniqueIdentifier>
    </Filter>
    <Filter Include="Feature\Easing">
      <UniqueIdentifier>{53aeec94-d787-4d99-b465-261ed690cdbd}</UniqueIdentifier>
    </Filter>
    <Filter Include="Feature\Easing\Manager">
      <UniqueIdentifier>{87c034dc-2a58-4398-a8da-17b67b15a2e4}</UniqueIdentifier>
    </Filter>
    <Filter Include="Feature\CSV">
      <UniqueIdentifier>{041acee4-5bdd-4267-9204-84c9d7b43c7c}</UniqueIdentifier>
    </Filter>
    <Filter Include="Feature\DeltaTimeManager">
      <UniqueIdentifier>{053f48ec-aa29-428d-b1db-321a274f4725}</UniqueIdentifier>
    </Filter>
    <Filter Include="Utility\DIContainer">
      <UniqueIdentifier>{d915672d-7d9f-4795-8ba7-1995c72af4b5}</UniqueIdentifier>
    </Filter>
    <Filter Include="Feature\Text">
      <UniqueIdentifier>{b4382b62-3fb7-4f45-96f9-21e495c77e44}</UniqueIdentifier>
    </Filter>
  </ItemGroup>
  <ItemGroup>
    <ClCompile Include="DebugTools\DebugManager\DebugManager.cpp">
      <Filter>DebugTools\DebugManager</Filter>
    </ClCompile>
    <ClCompile Include="DebugTools\ImGuiTemplates\ImGuiTemplates.cpp">
      <Filter>DebugTools\Templates</Filter>
    </ClCompile>
    <ClCompile Include="Core\DirectX12\BlendMode.cpp">
      <Filter>Core\DirectX12\BlendMode</Filter>
    </ClCompile>
    <ClCompile Include="Core\DirectX12\Framerate.cpp">
      <Filter>Core\DirectX12\FPS</Filter>
    </ClCompile>
    <ClCompile Include="Core\DirectX12\TextureManager.cpp">
      <Filter>Core\DirectX12\TextureManager</Filter>
    </ClCompile>
    <ClCompile Include="Core\DirectX12\Helper\DX12Helper.cpp">
      <Filter>Core\DirectX12\Helper</Filter>
    </ClCompile>
    <ClCompile Include="Core\DirectX12\DirectX12_Impl.cpp">
      <Filter>Core\DirectX12</Filter>
    </ClCompile>
    <ClCompile Include="Core\DirectX12\DirectX12.cpp">
      <Filter>Core\DirectX12</Filter>
    </ClCompile>
    <ClCompile Include="Features\Input\Input.cpp">
      <Filter>Feature\Input</Filter>
    </ClCompile>
    <ClCompile Include="Features\Model\Helper\ModelHelper.cpp">
      <Filter>Feature\Model\Helper</Filter>
    </ClCompile>
    <ClCompile Include="Features\Model\Model.cpp">
      <Filter>Feature\Model</Filter>
    </ClCompile>
    <ClCompile Include="Features\Model\ModelManager.cpp">
      <Filter>Feature\Model</Filter>
    </ClCompile>
    <ClCompile Include="Features\Object3d\Object3d.cpp">
      <Filter>Feature\Object3d</Filter>
    </ClCompile>
    <ClCompile Include="Features\Object3d\Object3dSystem.cpp">
      <Filter>Feature\Object3d</Filter>
    </ClCompile>
    <ClCompile Include="Features\Sprite\Sprite.cpp">
      <Filter>Feature\Sprite</Filter>
    </ClCompile>
    <ClCompile Include="Features\Sprite\SpriteSystem.cpp">
      <Filter>Feature\Sprite</Filter>
    </ClCompile>
    <ClCompile Include="DebugTools\ImGuiManager\ImGuiManager.cpp">
      <Filter>DebugTools\ImGuiManager</Filter>
    </ClCompile>
    <ClCompile Include="DebugTools\Logger\Logger.cpp">
      <Filter>DebugTools\Logger</Filter>
    </ClCompile>
    <ClCompile Include="Core\Win32\WinSystem.cpp">
      <Filter>Core\WinSystem</Filter>
    </ClCompile>
    <ClCompile Include="Externals\Timer\Timer.cpp">
      <Filter>Externals\Timer</Filter>
    </ClCompile>
    <ClCompile Include="Features\GameEye\GameEye.cpp">
      <Filter>Feature\GameEye</Filter>
    </ClCompile>
    <ClCompile Include="Features\Particle\Particle.cpp">
      <Filter>Feature\Particle</Filter>
    </ClCompile>
    <ClCompile Include="Core\DirectX12\SRVManager.cpp">
      <Filter>Core\DirectX12\SRVManager</Filter>
    </ClCompile>
    <ClCompile Include="Common\HRESULT_ASSERT.cpp">
      <Filter>Common\HRESULT_ASSERT</Filter>
    </ClCompile>
    <ClCompile Include="Features\Audio\Audio.cpp">
      <Filter>Feature\Audio</Filter>
    </ClCompile>
    <ClCompile Include="Framework\NimaFramework.cpp">
      <Filter>Framework</Filter>
    </ClCompile>
    <ClCompile Include="Features\SceneManager\SceneManager.cpp">
      <Filter>Feature\SceneManager</Filter>
    </ClCompile>
    <ClCompile Include="Features\Particle\ParticleSystem.cpp">
      <Filter>Feature\Particle\System</Filter>
    </ClCompile>
    <ClCompile Include="Features\Particle\ParticleManager.cpp">
      <Filter>Feature\Particle\Manager</Filter>
    </ClCompile>
    <ClCompile Include="Features\RandomGenerator\RandomGenerator.cpp">
      <Filter>Feature\RandomGenerator</Filter>
    </ClCompile>
    <ClCompile Include="Features\Line\Line.cpp">
      <Filter>Feature\Line</Filter>
    </ClCompile>
    <ClCompile Include="Features\Line\LineSystem.cpp">
      <Filter>Feature\Line\System</Filter>
    </ClCompile>
    <ClCompile Include="Features\Primitive\AABB.cpp">
      <Filter>Feature\Shape\AABB</Filter>
    </ClCompile>
    <ClCompile Include="Features\Particle\Manager\EmitterManager.cpp">
      <Filter>Feature\Particle\Manager</Filter>
    </ClCompile>
    <ClCompile Include="Features\Particle\Emitter\ParticleEmitter.cpp">
      <Filter>Feature\Particle\Emitter</Filter>
    </ClCompile>
    <ClCompile Include="Features\Lighting\Manager\LightingManager.cpp">
      <Filter>Feature\Lighting\Manager</Filter>
    </ClCompile>
    <ClCompile Include="Features\Primitive\OBB.cpp">
      <Filter>Feature\Shape\OBB</Filter>
    </ClCompile>
    <ClCompile Include="Utility\FilePathSearcher\FilePathSearcher.cpp">
      <Filter>Utility\FilePathSearcher</Filter>
    </ClCompile>
    <ClCompile Include="Features\SceneTransition\TransFadeInOut.cpp">
      <Filter>Feature\SceneTransition\FadeInOut</Filter>
    </ClCompile>
    <ClCompile Include="Features\SceneTransition\SceneTransitionManager.cpp">
      <Filter>Feature\SceneTransition\Manager</Filter>
    </ClCompile>
    <ClCompile Include="Features\BaseObject\BaseObject.cpp">
      <Filter>Feature\BaseObject</Filter>
    </ClCompile>
    <ClCompile Include="Features\Collision\Manager\CollisionManager.cpp">
      <Filter>Feature\Collision\Manager</Filter>
    </ClCompile>
    <ClCompile Include="Features\Collision\Collider\Collider.cpp">
      <Filter>Feature\Collision\Collider</Filter>
    </ClCompile>
    <ClCompile Include="Features\Easing\Manager\EasingManager.cpp">
      <Filter>Feature\Easing\Manager</Filter>
    </ClCompile>
    <ClCompile Include="Features\Easing\Easing_impl.cpp">
      <Filter>Feature\Easing</Filter>
    </ClCompile>
    <ClCompile Include="Features\Easing\Easing.cpp">
      <Filter>Feature\Easing</Filter>
    </ClCompile>
    <ClCompile Include="Features\CSV\CSVLoader.cpp">
      <Filter>Feature\CSV</Filter>
    </ClCompile>
    <ClCompile Include="Features\DeltaTimeManager\DeltaTimeManager.cpp">
      <Filter>Feature\DeltaTimeManager</Filter>
    </ClCompile>
    <ClCompile Include="Features\Text\TextSystem.cpp">
      <Filter>Feature\Text</Filter>
    </ClCompile>
    <ClCompile Include="Features\Lighting\PointLight\PointLight.cpp">
      <Filter>Feature\Lighting\PointLight</Filter>
    </ClCompile>
    <ClCompile Include="Features\Text\Text.cpp" />
  </ItemGroup>
  <ItemGroup>
    <ClInclude Include="Common\define.h">
      <Filter>Common</Filter>
    </ClInclude>
    <ClInclude Include="Common\structs.h">
      <Filter>Common</Filter>
    </ClInclude>
    <ClInclude Include="DebugTools\DebugManager\DebugManager.h">
      <Filter>DebugTools\DebugManager</Filter>
    </ClInclude>
    <ClInclude Include="DebugTools\ImGuiTemplates\ImGuiTemplates.h">
      <Filter>DebugTools\Templates</Filter>
    </ClInclude>
    <ClInclude Include="Core\DirectX12\BlendMode.h">
      <Filter>Core\DirectX12\BlendMode</Filter>
    </ClInclude>
    <ClInclude Include="Core\DirectX12\Framerate.h">
      <Filter>Core\DirectX12\FPS</Filter>
    </ClInclude>
    <ClInclude Include="Core\DirectX12\TextureManager.h">
      <Filter>Core\DirectX12\TextureManager</Filter>
    </ClInclude>
    <ClInclude Include="Core\DirectX12\Helper\DX12Helper.h">
      <Filter>Core\DirectX12\Helper</Filter>
    </ClInclude>
    <ClInclude Include="Core\DirectX12\DirectX12.h">
      <Filter>Core\DirectX12</Filter>
    </ClInclude>
    <ClInclude Include="Features\Input\Input.h">
      <Filter>Feature\Input</Filter>
    </ClInclude>
    <ClInclude Include="Features\Model\Helper\ModelHelper.h">
      <Filter>Feature\Model\Helper</Filter>
    </ClInclude>
    <ClInclude Include="Features\Model\Model.h">
      <Filter>Feature\Model</Filter>
    </ClInclude>
    <ClInclude Include="Features\Model\ModelManager.h">
      <Filter>Feature\Model</Filter>
    </ClInclude>
    <ClInclude Include="Features\Object3d\Object3d.h">
      <Filter>Feature\Object3d</Filter>
    </ClInclude>
    <ClInclude Include="Features\Object3d\Object3dSystem.h">
      <Filter>Feature\Object3d</Filter>
    </ClInclude>
    <ClInclude Include="Features\Sprite\Sprite.h">
      <Filter>Feature\Sprite</Filter>
    </ClInclude>
    <ClInclude Include="Features\Sprite\SpriteSystem.h">
      <Filter>Feature\Sprite</Filter>
    </ClInclude>
    <ClInclude Include="DebugTools\ImGuiManager\ImGuiManager.h">
      <Filter>DebugTools\ImGuiManager</Filter>
    </ClInclude>
    <ClInclude Include="DebugTools\Logger\Logger.h">
      <Filter>DebugTools\Logger</Filter>
    </ClInclude>
    <ClInclude Include="DebugTools\ReakChecker.h">
      <Filter>DebugTools</Filter>
    </ClInclude>
    <ClInclude Include="Utility\ConvertString\ConvertString.h">
      <Filter>Utility\ConvertString</Filter>
    </ClInclude>
    <ClInclude Include="Core\Win32\WinSystem.h">
      <Filter>Core\WinSystem</Filter>
    </ClInclude>
    <ClInclude Include="Externals\Timer\Timer.h">
      <Filter>Externals\Timer</Filter>
    </ClInclude>
    <ClInclude Include="Features\GameEye\GameEye.h">
      <Filter>Feature\GameEye</Filter>
    </ClInclude>
    <ClInclude Include="Features\Particle\Particle.h">
      <Filter>Feature\Particle</Filter>
    </ClInclude>
    <ClInclude Include="Core\DirectX12\SRVManager.h">
      <Filter>Core\DirectX12\SRVManager</Filter>
    </ClInclude>
    <ClInclude Include="Features\IContainer\ListContainer.h">
      <Filter>Feature\IContainer</Filter>
    </ClInclude>
    <ClInclude Include="Features\IContainer\VectorContainer.h">
      <Filter>Feature\IContainer</Filter>
    </ClInclude>
    <ClInclude Include="Common\HRESULT_ASSERT.h">
      <Filter>Common\HRESULT_ASSERT</Filter>
    </ClInclude>
    <ClInclude Include="Features\Audio\Audio.h">
      <Filter>Feature\Audio</Filter>
    </ClInclude>
    <ClInclude Include="Framework\NimaFramework.h">
      <Filter>Framework</Filter>
    </ClInclude>
    <ClInclude Include="Features\SceneManager\SceneManager.h">
      <Filter>Feature\SceneManager</Filter>
    </ClInclude>
    <ClInclude Include="Interfaces\IScene.h">
      <Filter>Interface</Filter>
    </ClInclude>
    <ClInclude Include="Features\Particle\ParticleSystem.h">
      <Filter>Feature\Particle\System</Filter>
    </ClInclude>
    <ClInclude Include="Features\Particle\ParticleManager.h">
      <Filter>Feature\Particle\Manager</Filter>
    </ClInclude>
    <ClInclude Include="Interfaces\ISceneFactory.h">
      <Filter>Interface</Filter>
    </ClInclude>
    <ClInclude Include="Features\RandomGenerator\RandomGenerator.h">
      <Filter>Feature\RandomGenerator</Filter>
    </ClInclude>
    <ClInclude Include="Features\Line\Line.h">
      <Filter>Feature\Line</Filter>
    </ClInclude>
    <ClInclude Include="Features\Line\LineSystem.h">
      <Filter>Feature\Line\System</Filter>
    </ClInclude>
    <ClInclude Include="Features\Line\Manager\LineManager.h">
      <Filter>Feature\Line\Manager</Filter>
    </ClInclude>
    <ClInclude Include="Features\Primitive\AABB.h">
      <Filter>Feature\Shape\AABB</Filter>
    </ClInclude>
    <ClInclude Include="Features\Particle\Manager\EmitterManager.h">
      <Filter>Feature\Particle\Manager</Filter>
    </ClInclude>
    <ClInclude Include="Features\Particle\Emitter\ParticleEmitter.h">
      <Filter>Feature\Particle\Emitter</Filter>
    </ClInclude>
    <ClInclude Include="Features\Lighting\Manager\LightingManager.h">
      <Filter>Feature\Lighting\Manager</Filter>
    </ClInclude>
    <ClInclude Include="Features\Lighting\PointLight\PointLight.h">
      <Filter>Feature\Lighting\PointLight</Filter>
    </ClInclude>
    <ClInclude Include="Features\Primitive\OBB.h">
      <Filter>Feature\Shape\OBB</Filter>
    </ClInclude>
    <ClInclude Include="Utility\FilePathSearcher\FilePathSearcher.h">
      <Filter>Utility\FilePathSearcher</Filter>
    </ClInclude>
    <ClInclude Include="Features\SceneTransition\TransBase.h">
      <Filter>Feature\SceneTransition</Filter>
    </ClInclude>
    <ClInclude Include="Features\SceneTransition\TransFadeInOut.h">
      <Filter>Feature\SceneTransition\FadeInOut</Filter>
    </ClInclude>
    <ClInclude Include="Features\SceneTransition\SceneTransitionManager.h">
      <Filter>Feature\SceneTransition\Manager</Filter>
    </ClInclude>
    <ClInclude Include="Features\BaseObject\BaseObject.h">
      <Filter>Feature\BaseObject</Filter>
    </ClInclude>
    <ClInclude Include="Features\Collision\Manager\CollisionManager.h">
      <Filter>Feature\Collision\Manager</Filter>
    </ClInclude>
    <ClInclude Include="Features\Collision\Collider\Collider.h">
      <Filter>Feature\Collision\Collider</Filter>
    </ClInclude>
    <ClInclude Include="Features\Collision\Shape.h">
      <Filter>Feature\Collision</Filter>
    </ClInclude>
    <ClInclude Include="Features\Easing\Manager\EasingManager.h">
      <Filter>Feature\Easing\Manager</Filter>
    </ClInclude>
    <ClInclude Include="Features\Easing\Easing.h">
      <Filter>Feature\Easing</Filter>
    </ClInclude>
    <ClInclude Include="Features\CSV\CSVLoader.h">
      <Filter>Feature\CSV</Filter>
    </ClInclude>
    <ClInclude Include="Features\CSV\csvStructure\CSVData.h">
      <Filter>Feature\CSV</Filter>
    </ClInclude>
    <ClInclude Include="Features\DeltaTimeManager\DeltaTimeManager.h">
      <Filter>Feature\DeltaTimeManager</Filter>
    </ClInclude>
    <ClInclude Include="Utility\DIContainer\DIContainer.h">
      <Filter>Utility\DIContainer</Filter>
    </ClInclude>
    <ClInclude Include="Features\Text\Text.h">
      <Filter>Feature\Text</Filter>
    </ClInclude>
    <ClInclude Include="Features\Text\TextSystem.h">
      <Filter>Feature\Text</Filter>
    </ClInclude>
  </ItemGroup>
  <ItemGroup>
    <None Include=".editorconfig" />
    <None Include="EngineResources\Shaders\Object3d.hlsli">
      <Filter>HLSL</Filter>
    </None>
    <None Include="..\SampleProject\EngineResources\Shaders\Sprite.hlsli">
      <Filter>HLSL</Filter>
    </None>
    <None Include="..\SampleProject\EngineResources\Shaders\Particle.hlsli">
      <Filter>HLSL</Filter>
    </None>
    <None Include="..\ClassDiagram.md" />
    <None Include="EngineResources\Shaders\Line.hlsli">
      <Filter>HLSL</Filter>
    </None>
  </ItemGroup>
  <ItemGroup>
    <FxCompile Include="EngineResources\Shaders\Object3d.PS.hlsl">
      <Filter>HLSL</Filter>
    </FxCompile>
    <FxCompile Include="EngineResources\Shaders\Object3d.VS.hlsl">
      <Filter>HLSL</Filter>
    </FxCompile>
    <FxCompile Include="..\SampleProject\EngineResources\Shaders\Sprite.VS.hlsl">
      <Filter>HLSL</Filter>
    </FxCompile>
    <FxCompile Include="..\SampleProject\EngineResources\Shaders\Sprite.PS.hlsl">
      <Filter>HLSL</Filter>
    </FxCompile>
    <FxCompile Include="..\SampleProject\EngineResources\Shaders\Particle.VS.hlsl">
      <Filter>HLSL</Filter>
    </FxCompile>
    <FxCompile Include="..\SampleProject\EngineResources\Shaders\Particle.PS.hlsl">
      <Filter>HLSL</Filter>
    </FxCompile>
    <FxCompile Include="EngineResources\Shaders\Line.VS.hlsl">
      <Filter>HLSL</Filter>
    </FxCompile>
    <FxCompile Include="EngineResources\Shaders\Line.PS.hlsl">
      <Filter>HLSL</Filter>
    </FxCompile>
  </ItemGroup>
</Project>