
Microsoft Visual Studio Solution File, Format Version 12.00
# Visual Studio Version 17
VisualStudioVersion = 17.10.34928.147
MinimumVisualStudioVersion = 10.0.40219.1
Project("{8BC9CEB8-8B4A-11D0-8D11-00A0C91BC942}") = "DirectXTex", "Externals\DirectXTex\DirectXTex_Desktop_2022_Win10.vcxproj", "{371B9FA9-4C90-4AC6-A123-ACED756D6C77}"
EndProject
Project("{8BC9CEB8-8B4A-11D0-8D11-00A0C91BC942}") = "ImGui", "Externals\ImGui\ImGui.vcxproj", "{F83F6C46-AEE0-480C-95FC-2319E6FEB02B}"
EndProject
Project("{8BC9CEB8-8B4A-11D0-8D11-00A0C91BC942}") = "Engine", "Engine.vcxproj", "{9FD2D32D-DAB0-40A1-B430-CBC12517B87C}"
EndProject
Global
	GlobalSection(SolutionConfigurationPlatforms) = preSolution
		Debug|x64 = Debug|x64
		Debug|x86 = Debug|x86
		Release|x64 = Release|x64
		Release|x86 = Release|x86
	EndGlobalSection
	GlobalSection(ProjectConfigurationPlatforms) = postSolution
		{371B9FA9-4C90-4AC6-A123-ACED756D6C77}.Debug|x64.ActiveCfg = Debug|x64
		{371B9FA9-4C90-4AC6-A123-ACED756D6C77}.Debug|x64.Build.0 = Debug|x64
		{371B9FA9-4C90-4AC6-A123-ACED756D6C77}.Debug|x86.ActiveCfg = Debug|Win32
		{371B9FA9-4C90-4AC6-A123-ACED756D6C77}.Debug|x86.Build.0 = Debug|Win32
		{371B9FA9-4C90-4AC6-A123-ACED756D6C77}.Release|x64.ActiveCfg = Release|x64
		{371B9FA9-4C90-4AC6-A123-ACED756D6C77}.Release|x64.Build.0 = Release|x64
		{371B9FA9-4C90-4AC6-A123-ACED756D6C77}.Release|x86.ActiveCfg = Release|Win32
		{371B9FA9-4C90-4AC6-A123-ACED756D6C77}.Release|x86.Build.0 = Release|Win32
		{F83F6C46-AEE0-480C-95FC-2319E6FEB02B}.Debug|x64.ActiveCfg = Debug|x64
		{F83F6C46-AEE0-480C-95FC-2319E6FEB02B}.Debug|x64.Build.0 = Debug|x64
		{F83F6C46-AEE0-480C-95FC-2319E6FEB02B}.Debug|x86.ActiveCfg = Debug|Win32
		{F83F6C46-AEE0-480C-95FC-2319E6FEB02B}.Debug|x86.Build.0 = Debug|Win32
		{F83F6C46-AEE0-480C-95FC-2319E6FEB02B}.Release|x64.ActiveCfg = Release|x64
		{F83F6C46-AEE0-480C-95FC-2319E6FEB02B}.Release|x64.Build.0 = Release|x64
		{F83F6C46-AEE0-480C-95FC-2319E6FEB02B}.Release|x86.ActiveCfg = Release|Win32
		{F83F6C46-AEE0-480C-95FC-2319E6FEB02B}.Release|x86.Build.0 = Release|Win32
		{9FD2D32D-DAB0-40A1-B430-CBC12517B87C}.Debug|x64.ActiveCfg = Debug|x64
		{9FD2D32D-DAB0-40A1-B430-CBC12517B87C}.Debug|x64.Build.0 = Debug|x64
		{9FD2D32D-DAB0-40A1-B430-CBC12517B87C}.Debug|x86.ActiveCfg = Debug|x64
		{9FD2D32D-DAB0-40A1-B430-CBC12517B87C}.Debug|x86.Build.0 = Debug|x64
		{9FD2D32D-DAB0-40A1-B430-CBC12517B87C}.Release|x64.ActiveCfg = Release|x64
		{9FD2D32D-DAB0-40A1-B430-CBC12517B87C}.Release|x64.Build.0 = Release|x64
		{9FD2D32D-DAB0-40A1-B430-CBC12517B87C}.Release|x86.ActiveCfg = Release|x64
		{9FD2D32D-DAB0-40A1-B430-CBC12517B87C}.Release|x86.Build.0 = Release|x64
	EndGlobalSection
	GlobalSection(SolutionProperties) = preSolution
		HideSolutionNode = FALSE
	EndGlobalSection
	GlobalSection(ExtensibilityGlobals) = postSolution
		SolutionGuid = {8747C3B1-DF7D-4CB7-9B5E-3EF3BFF0A4A9}
	EndGlobalSection
EndGlobal
