<?xml version="1.0" encoding="utf-8"?>
<Project ToolsVersion="4.0" xmlns="http://schemas.microsoft.com/developer/msbuild/2003">
  <ItemGroup>
    <Filter Include="ソース ファイル">
      <UniqueIdentifier>{4FC737F1-C7A5-4376-A066-2A32D752A2FF}</UniqueIdentifier>
      <Extensions>cpp;c;cc;cxx;c++;cppm;ixx;def;odl;idl;hpj;bat;asm;asmx</Extensions>
    </Filter>
    <Filter Include="ヘッダー ファイル">
      <UniqueIdentifier>{93995380-89BD-4b04-88EB-625FBE52EBFB}</UniqueIdentifier>
      <Extensions>h;hh;hpp;hxx;h++;hm;inl;inc;ipp;xsd</Extensions>
    </Filter>
    <Filter Include="リソース ファイル">
      <UniqueIdentifier>{67DA6AB6-F800-4c08-8B7A-83BB121AAD01}</UniqueIdentifier>
      <Extensions>rc;ico;cur;bmp;dlg;rc2;rct;bin;rgs;gif;jpg;jpeg;jpe;resx;tiff;tif;png;wav;mfcribbon-ms</Extensions>
    </Filter>
    <Filter Include="Game">
      <UniqueIdentifier>{dcda6a37-b233-4695-a8d7-3aab8035063c}</UniqueIdentifier>
    </Filter>
    <Filter Include="Game\Scene">
      <UniqueIdentifier>{a47a2190-d9bf-4cb4-90cb-fd63ca9857f3}</UniqueIdentifier>
    </Filter>
    <Filter Include="Game\Scene\Factory">
      <UniqueIdentifier>{15b0a614-ebcb-4f55-b50f-18fbabed195d}</UniqueIdentifier>
    </Filter>
    <Filter Include="Game\Scene\GameScene">
      <UniqueIdentifier>{57ecc88f-e9ba-458b-8dfb-b7c3788bfd84}</UniqueIdentifier>
    </Filter>
    <Filter Include="Game\Scene\RequiredScene">
      <UniqueIdentifier>{1f28f099-fa3b-4d3d-95c0-110310ced570}</UniqueIdentifier>
    </Filter>
  </ItemGroup>
  <ItemGroup>
    <ClCompile Include="main.cpp">
      <Filter>ソース ファイル</Filter>
    </ClCompile>
    <ClCompile Include="SampleProgram\SampleProgram.cpp">
      <Filter>Game</Filter>
    </ClCompile>
    <ClCompile Include="Scene\Factory\SceneFactory.cpp">
      <Filter>Game\Scene\Factory</Filter>
    </ClCompile>
    <ClCompile Include="Scene\RequiredScene\RequiredScene.cpp">
      <Filter>Game\Scene\RequiredScene</Filter>
    </ClCompile>
    <ClCompile Include="Scene\GameScene\GameScene.cpp">
      <Filter>Game\Scene\GameScene</Filter>
    </ClCompile>
  </ItemGroup>
  <ItemGroup>
    <ClInclude Include="SampleProgram\SampleProgram.h">
      <Filter>Game</Filter>
    </ClInclude>
    <ClInclude Include="Scene\Factory\SceneFactory.h">
      <Filter>Game\Scene\Factory</Filter>
    </ClInclude>
    <ClInclude Include="Scene\RequiredScene\RequiredScene.h">
      <Filter>Game\Scene\RequiredScene</Filter>
    </ClInclude>
    <ClInclude Include="Scene\GameScene\GameScene.h">
      <Filter>Game\Scene\GameScene</Filter>
    </ClInclude>
  </ItemGroup>
</Project>